
Microsoft Visual Studio Solution File, Format Version 12.00
# Visual Studio Version 17
VisualStudioVersion = 17.2.32630.192
MinimumVisualStudioVersion = 10.0.40219.1
Project("{FAE04EC0-301F-11D3-BF4B-00C04F79EFBC}") = "BrowserStackTest", "BrowserStackTest\BrowserStackTest.csproj", "{15A91EF3-8CB3-44DD-8DFE-D33B86262D74}"
EndProject
Project("{FAE04EC0-301F-11D3-BF4B-00C04F79EFBC}") = "AutomationFramework", "AutomationFramework\AutomationFramework.csproj", "{52A99E2F-589F-4AFB-82F7-BAE2FE588A2F}"
EndProject
Global
	GlobalSection(SolutionConfigurationPlatforms) = preSolution
		Debug|Any CPU = Debug|Any CPU
		Release|Any CPU = Release|Any CPU
	EndGlobalSection
	GlobalSection(ProjectConfigurationPlatforms) = postSolution
		{15A91EF3-8CB3-44DD-8DFE-D33B86262D74}.Debug|Any CPU.ActiveCfg = Debug|Any CPU
		{15A91EF3-8CB3-44DD-8DFE-D33B86262D74}.Debug|Any CPU.Build.0 = Debug|Any CPU
		{15A91EF3-8CB3-44DD-8DFE-D33B86262D74}.Release|Any CPU.ActiveCfg = Release|Any CPU
		{15A91EF3-8CB3-44DD-8DFE-D33B86262D74}.Release|Any CPU.Build.0 = Release|Any CPU
		{52A99E2F-589F-4AFB-82F7-BAE2FE588A2F}.Debug|Any CPU.ActiveCfg = Debug|Any CPU
		{52A99E2F-589F-4AFB-82F7-BAE2FE588A2F}.Debug|Any CPU.Build.0 = Debug|Any CPU
		{52A99E2F-589F-4AFB-82F7-BAE2FE588A2F}.Release|Any CPU.ActiveCfg = Release|Any CPU
		{52A99E2F-589F-4AFB-82F7-BAE2FE588A2F}.Release|Any CPU.Build.0 = Release|Any CPU
	EndGlobalSection
	GlobalSection(SolutionProperties) = preSolution
		HideSolutionNode = FALSE
	EndGlobalSection
	GlobalSection(ExtensibilityGlobals) = postSolution
		SolutionGuid = {1447AF35-24F5-4AFD-8B96-040203C5F674}
	EndGlobalSection
EndGlobal
