
Microsoft Visual Studio Solution File, Format Version 12.00
# Visual Studio Version 17
VisualStudioVersion = 17.2.32630.192
MinimumVisualStudioVersion = 10.0.40219.1
Project("{FAE04EC0-301F-11D3-BF4B-00C04F79EFBC}") = "BrowserStackTests", "BrowserStackTechnicalAssignment\BrowserStackTests.csproj", "{17AB02CC-F922-437D-BEA5-ED1355E44381}"
EndProject
Project("{FAE04EC0-301F-11D3-BF4B-00C04F79EFBC}") = "Framework", "Framework\Framework.csproj", "{68F9EB59-985E-4545-9C4E-346CEB846CB6}"
EndProject
Project("{FAE04EC0-301F-11D3-BF4B-00C04F79EFBC}") = "checktests", "checktests\checktests.csproj", "{871B674D-788A-4018-9B4C-B89FC1459DBB}"
EndProject
Project("{FAE04EC0-301F-11D3-BF4B-00C04F79EFBC}") = "UnitTestProject1", "UnitTestProject1\UnitTestProject1.csproj", "{15A91EF3-8CB3-44DD-8DFE-D33B86262D74}"
EndProject
Global
	GlobalSection(SolutionConfigurationPlatforms) = preSolution
		Debug|Any CPU = Debug|Any CPU
		Release|Any CPU = Release|Any CPU
	EndGlobalSection
	GlobalSection(ProjectConfigurationPlatforms) = postSolution
		{17AB02CC-F922-437D-BEA5-ED1355E44381}.Debug|Any CPU.ActiveCfg = Debug|Any CPU
		{17AB02CC-F922-437D-BEA5-ED1355E44381}.Debug|Any CPU.Build.0 = Debug|Any CPU
		{17AB02CC-F922-437D-BEA5-ED1355E44381}.Release|Any CPU.ActiveCfg = Release|Any CPU
		{17AB02CC-F922-437D-BEA5-ED1355E44381}.Release|Any CPU.Build.0 = Release|Any CPU
		{68F9EB59-985E-4545-9C4E-346CEB846CB6}.Debug|Any CPU.ActiveCfg = Debug|Any CPU
		{68F9EB59-985E-4545-9C4E-346CEB846CB6}.Debug|Any CPU.Build.0 = Debug|Any CPU
		{68F9EB59-985E-4545-9C4E-346CEB846CB6}.Release|Any CPU.ActiveCfg = Release|Any CPU
		{68F9EB59-985E-4545-9C4E-346CEB846CB6}.Release|Any CPU.Build.0 = Release|Any CPU
		{871B674D-788A-4018-9B4C-B89FC1459DBB}.Debug|Any CPU.ActiveCfg = Debug|Any CPU
		{871B674D-788A-4018-9B4C-B89FC1459DBB}.Debug|Any CPU.Build.0 = Debug|Any CPU
		{871B674D-788A-4018-9B4C-B89FC1459DBB}.Release|Any CPU.ActiveCfg = Release|Any CPU
		{871B674D-788A-4018-9B4C-B89FC1459DBB}.Release|Any CPU.Build.0 = Release|Any CPU
		{15A91EF3-8CB3-44DD-8DFE-D33B86262D74}.Debug|Any CPU.ActiveCfg = Debug|Any CPU
		{15A91EF3-8CB3-44DD-8DFE-D33B86262D74}.Debug|Any CPU.Build.0 = Debug|Any CPU
		{15A91EF3-8CB3-44DD-8DFE-D33B86262D74}.Release|Any CPU.ActiveCfg = Release|Any CPU
		{15A91EF3-8CB3-44DD-8DFE-D33B86262D74}.Release|Any CPU.Build.0 = Release|Any CPU
	EndGlobalSection
	GlobalSection(SolutionProperties) = preSolution
		HideSolutionNode = FALSE
	EndGlobalSection
	GlobalSection(ExtensibilityGlobals) = postSolution
		SolutionGuid = {1447AF35-24F5-4AFD-8B96-040203C5F674}
	EndGlobalSection
EndGlobal
